{
  "version": 1,
  "dependencies": {
    "net10.0-windows7.0": {
      "DalaMock.Core": {
        "type": "Direct",
        "requested": "[4.1.0, )",
        "resolved": "4.1.0",
        "contentHash": "gjzJYDuHUGwaQ1tJwuCYH0uXlJS1NUrD5LP2WDm9i6cLXjuAB7DPo9rUdG31DIWq+j+I9TSvePcSyfrHO40LZQ==",
        "dependencies": {
          "Autofac": "9.0.0",
          "DalaMock.Shared": "4.0.6",
          "Microsoft.DotNet.PlatformAbstractions": "3.1.6",
          "Microsoft.Extensions.Configuration": "10.0.1",
          "Microsoft.Extensions.DependencyModel": "10.0.1",
          "Microsoft.Extensions.Hosting": "10.0.1",
          "Microsoft.Extensions.Hosting.Abstractions": "10.0.1",
          "Microsoft.Extensions.ObjectPool": "10.0.1",
          "NativeFileDialogSharp": "0.5.0",
          "Newtonsoft.Json": "13.0.4",
          "Serilog": "4.3.0",
          "Serilog.Extensions.Logging": "10.0.0",
          "StbiSharp": "1.2.1",
          "Veldrid": "4.9.0",
          "Veldrid.SDL2": "4.9.0",
          "Veldrid.StartupUtilities": "4.9.0"
        }
      },
      "DalaMock.Host": {
        "type": "Direct",
        "requested": "[4.0.6, )",
        "resolved": "4.0.6",
        "contentHash": "CFwrWEzW8+u/XvgRAfGjxZxu9YUwsAmkbLXw4vAau9iSUUzyG5+ChLtHAEDHxIfMzqWQXkL3K2IGRvjNjl+5sg==",
        "dependencies": {
          "Autofac.Extensions.DependencyInjection": "10.0.0",
          "DalaMock.Shared": "4.0.6",
          "Microsoft.Extensions.Hosting": "10.0.1",
          "Microsoft.Extensions.Hosting.Abstractions": "10.0.1",
          "Microsoft.Extensions.ObjectPool": "10.0.1"
        }
      },
      "DalamudPackager": {
        "type": "Direct",
        "requested": "[14.0.2, )",
        "resolved": "14.0.2",
        "contentHash": "dQJeq+8eyHzra4Cg5eZ/3LAeS3/UpvvLriYJGSncMK9LqJ7Q4B6jwcOsxo3PfxVd15xj+IzVFxkPqIBmPQu8/w=="
      },
      "DotNet.ReproducibleBuilds": {
        "type": "Direct",
        "requested": "[1.2.39, )",
        "resolved": "1.2.39",
        "contentHash": "fcFN01tDTIQqDuTwr1jUQK/geofiwjG5DycJQOnC72i1SsLAk1ELe+apBOuZ11UMQG8YKFZG1FgvjZPbqHyatg=="
      },
      "System.Data.SQLite": {
        "type": "Direct",
        "requested": "[2.0.2, )",
        "resolved": "2.0.2",
        "contentHash": "yAwxkraZf1PazyLg1sqMAlh4KEtaa2L8zieLicd9oWBybrb3SoPph+WVIyUTFWwtTVhNX/jNsDew6tbB8bw2xQ=="
      },
      "Autofac": {
        "type": "Transitive",
        "resolved": "9.0.0",
        "contentHash": "G8TpUMVIq1pEAMuAao8h5MKduY91SotjgK93wQb5LaxbJUVE0/XjCA6t2SOp+AkPC3GB/C2MAiF2D7krYjraFw=="
      },
      "Autofac.Extensions.DependencyInjection": {
        "type": "Transitive",
        "resolved": "10.0.0",
        "contentHash": "ZjR/onUlP7BzQ7VBBigQepWLAyAzi3VRGX3pP6sBqkPRiT61fsTZqbTpRUKxo30TMgbs1o3y6bpLbETix4SJog==",
        "dependencies": {
          "Autofac": "8.1.0",
          "Microsoft.Extensions.DependencyInjection.Abstractions": "8.0.1"
        }
      },
      "DalaMock.Shared": {
        "type": "Transitive",
        "resolved": "4.0.6",
        "contentHash": "ZFtjEQHhzhLHTcPntx/K7IxrzqobPBmR3zu1rYrP4BjgYpJytiBkBbcnGgpqBlqYizfRZbmMZNED7ObGcfK+JQ==",
        "dependencies": {
          "Autofac": "9.0.0",
          "Microsoft.Extensions.Hosting": "10.0.1",
          "Microsoft.Extensions.Hosting.Abstractions": "10.0.1"
        }
      },
      "Microsoft.DotNet.PlatformAbstractions": {
        "type": "Transitive",
        "resolved": "3.1.6",
        "contentHash": "jek4XYaQ/PGUwDKKhwR8K47Uh1189PFzMeLqO83mXrXQVIpARZCcfuDedH50YDTepBkfijCZN5U/vZi++erxtg=="
      },
      "Microsoft.Extensions.Configuration": {
        "type": "Transitive",
        "resolved": "10.0.1",
        "contentHash": "njoRekyMIK+smav8B6KL2YgIfUtlsRNuT7wvurpLW+m/hoRKVnoELk2YxnUnWRGScCd1rukLMxShwLqEOKowDg==",
        "dependencies": {
          "Microsoft.Extensions.Configuration.Abstractions": "10.0.1",
          "Microsoft.Extensions.Primitives": "10.0.1"
        }
      },
      "Microsoft.Extensions.Configuration.Abstractions": {
        "type": "Transitive",
        "resolved": "10.0.1",
        "contentHash": "kPlU11hql+L9RjrN2N9/0GcRcRcZrNFlLLjadasFWeBORT6pL6OE+RYRk90GGCyVGSxTK+e1/f3dsMj5zpFFiQ==",
        "dependencies": {
          "Microsoft.Extensions.Primitives": "10.0.1"
        }
      },
      "Microsoft.Extensions.Configuration.Binder": {
        "type": "Transitive",
        "resolved": "10.0.1",
        "contentHash": "Lp4CZIuTVXtlvkAnTq6QvMSW7+H62gX2cU2vdFxHQUxvrWTpi7LwYI3X+YAyIS0r12/p7gaosco7efIxL4yFNw==",
        "dependencies": {
          "Microsoft.Extensions.Configuration": "10.0.1",
          "Microsoft.Extensions.Configuration.Abstractions": "10.0.1"
        }
      },
      "Microsoft.Extensions.Configuration.CommandLine": {
        "type": "Transitive",
        "resolved": "10.0.1",
        "contentHash": "s5cxcdtIig66YT3J+7iHflMuorznK8kXuwBBPHMp4KImx5ZGE3FRa1Nj9fI/xMwFV+KzUMjqZ2MhOedPH8LiBQ==",
        "dependencies": {
          "Microsoft.Extensions.Configuration": "10.0.1",
          "Microsoft.Extensions.Configuration.Abstractions": "10.0.1"
        }
      },
      "Microsoft.Extensions.Configuration.EnvironmentVariables": {
        "type": "Transitive",
        "resolved": "10.0.1",
        "contentHash": "csD8Eps3HQ3yc0x6NhgTV+aIFKSs3qVlVCtFnMHz/JOjnv7eEj/qSXKXiK9LzBzB1qSfAVqFnB5iaX2nUmagIQ==",
        "dependencies": {
          "Microsoft.Extensions.Configuration": "10.0.1",
          "Microsoft.Extensions.Configuration.Abstractions": "10.0.1"
        }
      },
      "Microsoft.Extensions.Configuration.FileExtensions": {
        "type": "Transitive",
        "resolved": "10.0.1",
        "contentHash": "N/6GiwiZFCBFZDk3vg1PhHW3zMqqu5WWpmeZAA9VTXv7Q8pr8NZR/EQsH0DjzqydDksJtY6EQBsu81d5okQOlA==",
        "dependencies": {
          "Microsoft.Extensions.Configuration": "10.0.1",
          "Microsoft.Extensions.Configuration.Abstractions": "10.0.1",
          "Microsoft.Extensions.FileProviders.Abstractions": "10.0.1",
          "Microsoft.Extensions.FileProviders.Physical": "10.0.1",
          "Microsoft.Extensions.Primitives": "10.0.1"
        }
      },
      "Microsoft.Extensions.Configuration.Json": {
        "type": "Transitive",
        "resolved": "10.0.1",
        "contentHash": "0zW3eYBJlRctmgqk5s0kFIi5o5y2g80mvGCD8bkYxREPQlKUnr0ndU/Sop+UDIhyWN0fIi4RW63vo7BKTi7ncA==",
        "dependencies": {
          "Microsoft.Extensions.Configuration": "10.0.1",
          "Microsoft.Extensions.Configuration.Abstractions": "10.0.1",
          "Microsoft.Extensions.Configuration.FileExtensions": "10.0.1",
          "Microsoft.Extensions.FileProviders.Abstractions": "10.0.1"
        }
      },
      "Microsoft.Extensions.Configuration.UserSecrets": {
        "type": "Transitive",
        "resolved": "10.0.1",
        "contentHash": "ULEJ0nkaW90JYJGkFujPcJtADXcJpXiSOLbokPcWJZ8iDbtDINifEYAUVqZVr81IDNTrRFul6O8RolOKOsgFPg==",
        "dependencies": {
          "Microsoft.Extensions.Configuration.Abstractions": "10.0.1",
          "Microsoft.Extensions.Configuration.Json": "10.0.1",
          "Microsoft.Extensions.FileProviders.Abstractions": "10.0.1",
          "Microsoft.Extensions.FileProviders.Physical": "10.0.1"
        }
      },
      "Microsoft.Extensions.DependencyInjection": {
        "type": "Transitive",
        "resolved": "10.0.1",
        "contentHash": "zerXV0GAR9LCSXoSIApbWn+Dq1/T+6vbXMHGduq1LoVQRHT0BXsGQEau0jeLUBUcsoF/NaUT8ADPu8b+eNcIyg==",
        "dependencies": {
          "Microsoft.Extensions.DependencyInjection.Abstractions": "10.0.1"
        }
      },
      "Microsoft.Extensions.DependencyInjection.Abstractions": {
        "type": "Transitive",
        "resolved": "10.0.1",
        "contentHash": "oIy8fQxxbUsSrrOvgBqlVgOeCtDmrcynnTG+FQufcUWBrwyPfwlUkCDB2vaiBeYPyT+20u9/HeuHeBf+H4F/8g=="
      },
      "Microsoft.Extensions.DependencyModel": {
        "type": "Transitive",
        "resolved": "10.0.1",
        "contentHash": "IiWPd4j8JLNjSkyXl5hvJwX2ZENDVQVPDHYgZmYdw8+YkY2xp9iQt0vjdnAQZLpo/ipeW1xgOqfSBEnivKWPYQ=="
      },
      "Microsoft.Extensions.Diagnostics": {
        "type": "Transitive",
        "resolved": "10.0.1",
        "contentHash": "YaocqxscJLxLit0F5yq2XyB+9C7rSRfeTL7MJIl7XwaOoUO3i0EqfO2kmtjiRduYWw7yjcSINEApYZbzjau2gQ==",
        "dependencies": {
          "Microsoft.Extensions.Configuration": "10.0.1",
          "Microsoft.Extensions.Diagnostics.Abstractions": "10.0.1",
          "Microsoft.Extensions.Options.ConfigurationExtensions": "10.0.1"
        }
      },
      "Microsoft.Extensions.Diagnostics.Abstractions": {
        "type": "Transitive",
        "resolved": "10.0.1",
        "contentHash": "QMoMrkNpnQym5mpfdxfxpRDuqLpsOuztguFvzH9p+Ex+do+uLFoi7UkAsBO4e9/tNR3eMFraFf2fOAi2cp3jjA==",
        "dependencies": {
          "Microsoft.Extensions.DependencyInjection.Abstractions": "10.0.1",
          "Microsoft.Extensions.Options": "10.0.1"
        }
      },
      "Microsoft.Extensions.FileProviders.Abstractions": {
        "type": "Transitive",
        "resolved": "10.0.1",
        "contentHash": "+b3DligYSZuoWltU5YdbMpIEUHNZPgPrzWfNiIuDkMdqOl93UxYB5KzS3lgpRfTXJhTNpo/CZ8w/sTkDTPDdxQ==",
        "dependencies": {
          "Microsoft.Extensions.Primitives": "10.0.1"
        }
      },
      "Microsoft.Extensions.FileProviders.Physical": {
        "type": "Transitive",
        "resolved": "10.0.1",
        "contentHash": "4bxzGXIzZnz0Bf7czQ72jGvpOqJsRW/44PS7YLFXTTnu6cNcPvmSREDvBoH0ZVP2hAbMfL4sUoCUn54k70jPWw==",
        "dependencies": {
          "Microsoft.Extensions.FileProviders.Abstractions": "10.0.1",
          "Microsoft.Extensions.FileSystemGlobbing": "10.0.1",
          "Microsoft.Extensions.Primitives": "10.0.1"
        }
      },
      "Microsoft.Extensions.FileSystemGlobbing": {
        "type": "Transitive",
        "resolved": "10.0.1",
        "contentHash": "49dFvGJjLSwGn76eHnP1gBvCJkL8HRYpCrG0DCvsP6wRpEQRLN2Fq8rTxbP+6jS7jmYKCnSVO5C65v4mT3rzeA=="
      },
      "Microsoft.Extensions.Hosting": {
        "type": "Transitive",
        "resolved": "10.0.1",
        "contentHash": "0jjfjQSOFZlHhwOoIQw0WyzxtkDMYdnPY3iFrOLasxYq/5J4FDt1HWT8TktBclOVjFY1FOOkoOc99X7AhbqSIw==",
        "dependencies": {
          "Microsoft.Extensions.Configuration": "10.0.1",
          "Microsoft.Extensions.Configuration.Abstractions": "10.0.1",
          "Microsoft.Extensions.Configuration.Binder": "10.0.1",
          "Microsoft.Extensions.Configuration.CommandLine": "10.0.1",
          "Microsoft.Extensions.Configuration.EnvironmentVariables": "10.0.1",
          "Microsoft.Extensions.Configuration.FileExtensions": "10.0.1",
          "Microsoft.Extensions.Configuration.Json": "10.0.1",
          "Microsoft.Extensions.Configuration.UserSecrets": "10.0.1",
          "Microsoft.Extensions.DependencyInjection": "10.0.1",
          "Microsoft.Extensions.DependencyInjection.Abstractions": "10.0.1",
          "Microsoft.Extensions.Diagnostics": "10.0.1",
          "Microsoft.Extensions.FileProviders.Abstractions": "10.0.1",
          "Microsoft.Extensions.FileProviders.Physical": "10.0.1",
          "Microsoft.Extensions.Hosting.Abstractions": "10.0.1",
          "Microsoft.Extensions.Logging": "10.0.1",
          "Microsoft.Extensions.Logging.Abstractions": "10.0.1",
          "Microsoft.Extensions.Logging.Configuration": "10.0.1",
          "Microsoft.Extensions.Logging.Console": "10.0.1",
          "Microsoft.Extensions.Logging.Debug": "10.0.1",
          "Microsoft.Extensions.Logging.EventLog": "10.0.1",
          "Microsoft.Extensions.Logging.EventSource": "10.0.1",
          "Microsoft.Extensions.Options": "10.0.1"
        }
      },
      "Microsoft.Extensions.Hosting.Abstractions": {
        "type": "Transitive",
        "resolved": "10.0.1",
        "contentHash": "qmoQkVZcbm4/gFpted3W3Y+1kTATZTcUhV3mRkbtpfBXlxWCHwh/2oMffVcCruaGOfJuEnyAsGyaSUouSdECOw==",
        "dependencies": {
          "Microsoft.Extensions.Configuration.Abstractions": "10.0.1",
          "Microsoft.Extensions.DependencyInjection.Abstractions": "10.0.1",
          "Microsoft.Extensions.Diagnostics.Abstractions": "10.0.1",
          "Microsoft.Extensions.FileProviders.Abstractions": "10.0.1",
          "Microsoft.Extensions.Logging.Abstractions": "10.0.1"
        }
      },
      "Microsoft.Extensions.Logging": {
        "type": "Transitive",
        "resolved": "10.0.1",
        "contentHash": "9ItMpMLFZFJFqCuHLLbR3LiA4ahA8dMtYuXpXl2YamSDWZhYS9BruPprkftY0tYi2bQ0slNrixdFm+4kpz1g5w==",
        "dependencies": {
          "Microsoft.Extensions.DependencyInjection": "10.0.1",
          "Microsoft.Extensions.Logging.Abstractions": "10.0.1",
          "Microsoft.Extensions.Options": "10.0.1"
        }
      },
      "Microsoft.Extensions.Logging.Abstractions": {
        "type": "Transitive",
        "resolved": "10.0.1",
        "contentHash": "YkmyiPIWAXVb+lPIrM0LE5bbtLOJkCiRTFiHpkVOvhI7uTvCfoOHLEN0LcsY56GpSD7NqX3gJNpsaDe87/B3zg==",
        "dependencies": {
          "Microsoft.Extensions.DependencyInjection.Abstractions": "10.0.1"
        }
      },
      "Microsoft.Extensions.Logging.Configuration": {
        "type": "Transitive",
        "resolved": "10.0.1",
        "contentHash": "Zg8LLnfZs5o2RCHD/+9NfDtJ40swauemwCa7sI8gQoAye/UJHRZNpCtC7a5XE7l9Z7mdI8iMWnLZ6m7Q6S3jLg==",
        "dependencies": {
          "Microsoft.Extensions.Configuration": "10.0.1",
          "Microsoft.Extensions.Configuration.Abstractions": "10.0.1",
          "Microsoft.Extensions.Configuration.Binder": "10.0.1",
          "Microsoft.Extensions.DependencyInjection.Abstractions": "10.0.1",
          "Microsoft.Extensions.Logging": "10.0.1",
          "Microsoft.Extensions.Logging.Abstractions": "10.0.1",
          "Microsoft.Extensions.Options": "10.0.1",
          "Microsoft.Extensions.Options.ConfigurationExtensions": "10.0.1"
        }
      },
      "Microsoft.Extensions.Logging.Console": {
        "type": "Transitive",
        "resolved": "10.0.1",
        "contentHash": "38Q8sEHwQ/+wVO/mwQBa0fcdHbezFpusHE+vBw/dSr6Fq/kzZm3H/NQX511Jki/R3FHd64IY559gdlHZQtYeEA==",
        "dependencies": {
          "Microsoft.Extensions.DependencyInjection.Abstractions": "10.0.1",
          "Microsoft.Extensions.Logging": "10.0.1",
          "Microsoft.Extensions.Logging.Abstractions": "10.0.1",
          "Microsoft.Extensions.Logging.Configuration": "10.0.1",
          "Microsoft.Extensions.Options": "10.0.1"
        }
      },
      "Microsoft.Extensions.Logging.Debug": {
        "type": "Transitive",
        "resolved": "10.0.1",
        "contentHash": "VqfTvbX9C6BA0VeIlpzPlljnNsXxiI5CdUHb9ksWERH94WQ6ft3oLGUAa4xKcDGu4xF+rIZ8wj7IOAd6/q7vGw==",
        "dependencies": {
          "Microsoft.Extensions.DependencyInjection.Abstractions": "10.0.1",
          "Microsoft.Extensions.Logging": "10.0.1",
          "Microsoft.Extensions.Logging.Abstractions": "10.0.1"
        }
      },
      "Microsoft.Extensions.Logging.EventLog": {
        "type": "Transitive",
        "resolved": "10.0.1",
        "contentHash": "Zp9MM+jFCa7oktIug62V9eNygpkf+6kFVatF+UC/ODeUwIr5givYKy8fYSSI9sWdxqDqv63y1x0mm2VjOl8GOw==",
        "dependencies": {
          "Microsoft.Extensions.DependencyInjection.Abstractions": "10.0.1",
          "Microsoft.Extensions.Logging": "10.0.1",
          "Microsoft.Extensions.Logging.Abstractions": "10.0.1",
          "Microsoft.Extensions.Options": "10.0.1",
          "System.Diagnostics.EventLog": "10.0.1"
        }
      },
      "Microsoft.Extensions.Logging.EventSource": {
        "type": "Transitive",
        "resolved": "10.0.1",
        "contentHash": "WnFvZP+Y+lfeNFKPK/+mBpaCC7EeBDlobrQOqnP7rrw/+vE7yu8Rjczum1xbC0F/8cAHafog84DMp9200akMNQ==",
        "dependencies": {
          "Microsoft.Extensions.DependencyInjection.Abstractions": "10.0.1",
          "Microsoft.Extensions.Logging": "10.0.1",
          "Microsoft.Extensions.Logging.Abstractions": "10.0.1",
          "Microsoft.Extensions.Options": "10.0.1",
          "Microsoft.Extensions.Primitives": "10.0.1"
        }
      },
      "Microsoft.Extensions.ObjectPool": {
        "type": "Transitive",
        "resolved": "10.0.1",
        "contentHash": "HqAEbtoAhgvH53c54IV5e4vQ60PYvl7Z/WIHsbet+UGGE7n+7dwVNXw1mb9LZlWbsxnupCevvtgIne5P//ZKpQ=="
      },
      "Microsoft.Extensions.Options": {
        "type": "Transitive",
        "resolved": "10.0.1",
        "contentHash": "G6VVwywpJI4XIobetGHwg7wDOYC2L2XBYdtskxLaKF/Ynb5QBwLl7Q//wxAR2aVCLkMpoQrjSP9VoORkyddsNQ==",
        "dependencies": {
          "Microsoft.Extensions.DependencyInjection.Abstractions": "10.0.1",
          "Microsoft.Extensions.Primitives": "10.0.1"
        }
      },
      "Microsoft.Extensions.Options.ConfigurationExtensions": {
        "type": "Transitive",
        "resolved": "10.0.1",
        "contentHash": "pL78/Im7O3WmxHzlKUsWTYchKL881udU7E26gCD3T0+/tPhWVfjPwMzfN/MRKU7aoFYcOiqcG2k1QTlH5woWow==",
        "dependencies": {
          "Microsoft.Extensions.Configuration.Abstractions": "10.0.1",
          "Microsoft.Extensions.Configuration.Binder": "10.0.1",
          "Microsoft.Extensions.DependencyInjection.Abstractions": "10.0.1",
          "Microsoft.Extensions.Options": "10.0.1",
          "Microsoft.Extensions.Primitives": "10.0.1"
        }
      },
      "Microsoft.Extensions.Primitives": {
        "type": "Transitive",
        "resolved": "10.0.1",
        "contentHash": "DO8XrJkp5x4PddDuc/CH37yDBCs9BYN6ijlKyR3vMb55BP1Vwh90vOX8bNfnKxr5B2qEI3D8bvbY1fFbDveDHQ=="
      },
      "NativeFileDialogSharp": {
        "type": "Transitive",
        "resolved": "0.5.0",
        "contentHash": "OvASDrHJhY1OzD3Cr9Pw7sgaj+WliK0CAD+0HL14jPJMxnkirC5vr3XhxbY24MKwkxANNgmN+ao7iiNOopOSqQ=="
      },
      "NativeLibraryLoader": {
        "type": "Transitive",
        "resolved": "1.0.13",
        "contentHash": "78Lg887CZb4W8ZwmcNuoE75/7x//ljw/wnCuaUnThfe/RcAyuorfK9YkxBBpMWXTqfmjCb/FEsBFniySs+HcOQ==",
        "dependencies": {
          "Microsoft.Extensions.DependencyModel": "2.0.3"
        }
      },
      "Newtonsoft.Json": {
        "type": "Transitive",
        "resolved": "13.0.4",
        "contentHash": "pdgNNMai3zv51W5aq268sujXUyx7SNdE2bj1wZcWjAQrKMFZV260lbqYop1d2GM67JI1huLRwxo9ZqnfF/lC6A=="
      },
      "PolySharp": {
        "type": "Transitive",
        "resolved": "1.10.0",
        "contentHash": "+uNyVhhKOskjJLKOwIQ2qGaA0T507FaMbz5RwLAtmRaMaTAcUAZAiZvSk4Z8z6GkmqOyO1zryYNXmO0Vh7IrYQ=="
      },
      "Serilog": {
        "type": "Transitive",
        "resolved": "4.3.0",
        "contentHash": "+cDryFR0GRhsGOnZSKwaDzRRl4MupvJ42FhCE4zhQRVanX0Jpg6WuCBk59OVhVDPmab1bB+nRykAnykYELA9qQ=="
      },
      "Serilog.Extensions.Logging": {
        "type": "Transitive",
        "resolved": "10.0.0",
        "contentHash": "vx0kABKl2dWbBhhqAfTOk53/i8aV/5VaT3a6il9gn72Wqs2pM7EK2OB6No6xdqK2IaY6Zf9gdjLuK9BVa2rT+Q==",
        "dependencies": {
          "Microsoft.Extensions.Logging": "10.0.0",
          "Serilog": "4.2.0"
        }
      },
      "SharpGen.Runtime": {
        "type": "Transitive",
        "resolved": "2.0.0-beta.13",
        "contentHash": "H+Up2Er3ptWzcQ+CAO652fEsBLAmoXqKqtvc/6ycRV9XfLN2XJch0h8CwKQ3muD6eADPFf8Xp+nDQ8wDpcRDlg==",
        "dependencies": {
          "PolySharp": "1.10.0"
        }
      },
      "SharpGen.Runtime.COM": {
        "type": "Transitive",
        "resolved": "2.0.0-beta.13",
        "contentHash": "H22LsE3XTIOevf2TJgPgPnfYmjMlCtN+QYZVxzXlgTrgG2jHSTUTKZpIMPbKliLJGCEnDfX6yvBJvya0/xRTkA==",
        "dependencies": {
          "PolySharp": "1.10.0",
          "SharpGen.Runtime": "2.0.0-beta.13"
        }
      },
      "StbiSharp": {
        "type": "Transitive",
        "resolved": "1.2.1",
        "contentHash": "jbi94g3UDVAC3vH6jKZmmADH4Z6tGqbcdlyGhT/WZN9UE8OjjvpGFE5zF+UCSmIdya6iJ+Zo5VvxdQywSKN0Uw=="
      },
      "System.Diagnostics.EventLog": {
        "type": "Transitive",
        "resolved": "10.0.1",
        "contentHash": "xfaHEHVDkMOOZR5S6ZGezD0+vekdH1Nx/9Ih8/rOqOGSOk1fxiN3u94bYkBW/wigj0Uw2Wt3vvRj9mtYdgwEjw=="
      },
      "Veldrid": {
        "type": "Transitive",
        "resolved": "4.9.0",
        "contentHash": "Rvu7/OLNt6Yy/hbC+rAmjBbxcSirbG/BjOdLCF7kl5mGBkMGka3pLuTlkbXSt4UONh3tks0I7k/OJ7Sr8HFIoA==",
        "dependencies": {
          "NativeLibraryLoader": "1.0.13",
          "Veldrid.MetalBindings": "4.9.0",
          "Veldrid.OpenGLBindings": "4.9.0",
          "Vk": "1.0.25",
          "Vortice.D3DCompiler": "2.3.0",
          "Vortice.Direct3D11": "2.3.0"
        }
      },
      "Veldrid.MetalBindings": {
        "type": "Transitive",
        "resolved": "4.9.0",
        "contentHash": "9qWYalATCT+/smQzFi2IFyEZpLE1l+A1r3tntKao8sYVAe18+P9rDIvpxyIL4T7Ritfm0JU2TnqckXmLenyfhQ=="
      },
      "Veldrid.OpenGLBindings": {
        "type": "Transitive",
        "resolved": "4.9.0",
        "contentHash": "Du3zr+qWQO2Pzsl2iOeLmg23gxdr6BQ9yx5ygmcoBn6nm1AsbG4JMeEIpSGDt8WiTmy2VsUNY0kIGZklkrRoWQ=="
      },
      "Veldrid.SDL2": {
        "type": "Transitive",
        "resolved": "4.9.0",
        "contentHash": "uE0sYIzNOF2DPokzjRel2to3euBRikLfgoxx0f7iQVevbDDYlg0e/DBgG+tDhyNQWrB+ttKaQvR/csoa/R8UmA==",
        "dependencies": {
          "NativeLibraryLoader": "1.0.13"
        }
      },
      "Veldrid.StartupUtilities": {
        "type": "Transitive",
        "resolved": "4.9.0",
        "contentHash": "45JrS5GajAaoom0HJWtPzYgJlNo8tpXB06mJM4hWxdeBxo3y2OIJIfnnB374KB1d7euodW0XneRzKVhwzZFE5g==",
        "dependencies": {
          "Veldrid": "4.9.0",
          "Veldrid.SDL2": "4.9.0"
        }
      },
      "Vk": {
        "type": "Transitive",
        "resolved": "1.0.25",
        "contentHash": "n1tpY/n9YV7j+wViUD31yc6TQMK3tkcdUXUbJUr3vIVifrRySzq5hpdxUnvC0SvBp8WrbAgowwd1YDvtc+u67A=="
      },
      "Vortice.D3DCompiler": {
        "type": "Transitive",
        "resolved": "2.3.0",
        "contentHash": "o7Jimuvr5gXQrriA8JMfNrZX+eiA5NbRPYOpscMICpKE+oKF/CNYXLI5RTQ/NjNpzIsm2QPEehXivL6IS+e40w==",
        "dependencies": {
          "SharpGen.Runtime": "2.0.0-beta.13",
          "SharpGen.Runtime.COM": "2.0.0-beta.13",
          "Vortice.DirectX": "2.3.0",
          "Vortice.Mathematics": "1.4.25"
        }
      },
      "Vortice.Direct3D11": {
        "type": "Transitive",
        "resolved": "2.3.0",
        "contentHash": "cNpadAL5HTm2zc3ZJhySGVJWgOD12RSX3OEk96j24rLdigfAbvzTtFJgn68gHviYMwwY76ukcobhJNDWZc4a3w==",
        "dependencies": {
          "SharpGen.Runtime": "2.0.0-beta.13",
          "SharpGen.Runtime.COM": "2.0.0-beta.13",
          "Vortice.DXGI": "2.3.0",
          "Vortice.Mathematics": "1.4.25"
        }
      },
      "Vortice.DirectX": {
        "type": "Transitive",
        "resolved": "2.3.0",
        "contentHash": "V+MzrsxG5sLW3PQUlJQ6n3xY8jJGx1l/9Gpy6wbgFuZtDSb9MQmDf/gyfRvrRs1vGNKPht+pg1AJ/qWQrfXJoQ==",
        "dependencies": {
          "SharpGen.Runtime": "2.0.0-beta.13",
          "SharpGen.Runtime.COM": "2.0.0-beta.13",
          "Vortice.Mathematics": "1.4.25"
        }
      },
      "Vortice.DXGI": {
        "type": "Transitive",
        "resolved": "2.3.0",
        "contentHash": "eJDvoLjhHMr78+SOSrPIUSr/JboZ7rx62kGrpj2RQZbhP3+pEdHjL+Z6mXLvkEqozFRFspLmTTI7ZnBKfjc9uQ==",
        "dependencies": {
          "SharpGen.Runtime": "2.0.0-beta.13",
          "SharpGen.Runtime.COM": "2.0.0-beta.13",
          "Vortice.DirectX": "2.3.0",
          "Vortice.Mathematics": "1.4.25"
        }
      },
      "Vortice.Mathematics": {
        "type": "Transitive",
        "resolved": "1.4.25",
        "contentHash": "V2yJMl/QKceXEjYEnf2EWcNkUJI5/zE04cNUnawHbdR0wjMHv1dVTLf0IUJk0D0w29FrCWdQQK/n4L4vx0HeQA=="
      }
    }
  }
}